Microsoft Visual Studio Solution File, Format Version 12.00
# Visual Studio Version 17
VisualStudioVersion = 17.5.2.0
MinimumVisualStudioVersion = 10.0.40219.1
Project("{FAE04EC0-301F-11D3-BF4B-00C04F79EFBC}") = "ExcelCompare", "ExcelCompare.csproj", "{372DF52D-9325-6291-BCA5-402895C84004}"
EndProject
Global
	GlobalSection(SolutionConfigurationPlatforms) = preSolution
		Debug|Any CPU = Debug|Any CPU
		Release|Any CPU = Release|Any CPU
	EndGlobalSection
	GlobalSection(ProjectConfigurationPlatforms) = postSolution
		{372DF52D-9325-6291-BCA5-402895C84004}.Debug|Any CPU.ActiveCfg = Debug|Any CPU
		{372DF52D-9325-6291-BCA5-402895C84004}.Debug|Any CPU.Build.0 = Debug|Any CPU
		{372DF52D-9325-6291-BCA5-402895C84004}.Release|Any CPU.ActiveCfg = Release|Any CPU
		{372DF52D-9325-6291-BCA5-402895C84004}.Release|Any CPU.Build.0 = Release|Any CPU
	EndGlobalSection
	GlobalSection(SolutionProperties) = preSolution
		HideSolutionNode = FALSE
	EndGlobalSection
	GlobalSection(ExtensibilityGlobals) = postSolution
		SolutionGuid = {2FC4EC19-5D34-4703-BC14-2CC2B1C13BCD}
	EndGlobalSection
EndGlobal
